
Microsoft Visual Studio Solution File, Format Version 12.00
# Visual Studio Version 17
VisualStudioVersion = 17.0.31825.309
MinimumVisualStudioVersion = 10.0.40219.1
Project("{9A19103F-16F7-4668-BE54-9A1E7A4F7556}") = "FruitSmoothie", "FruitSmoothie\FruitSmoothie.csproj", "{14E969D7-5954-4C5C-814A-A3F19FBFD81C}"
EndProject
Global
	GlobalSection(SolutionConfigurationPlatforms) = preSolution
		Debug|Any CPU = Debug|Any CPU
		Release|Any CPU = Release|Any CPU
	EndGlobalSection
	GlobalSection(ProjectConfigurationPlatforms) = postSolution
		{14E969D7-5954-4C5C-814A-A3F19FBFD81C}.Debug|Any CPU.ActiveCfg = Debug|Any CPU
		{14E969D7-5954-4C5C-814A-A3F19FBFD81C}.Debug|Any CPU.Build.0 = Debug|Any CPU
		{14E969D7-5954-4C5C-814A-A3F19FBFD81C}.Release|Any CPU.ActiveCfg = Release|Any CPU
		{14E969D7-5954-4C5C-814A-A3F19FBFD81C}.Release|Any CPU.Build.0 = Release|Any CPU
	EndGlobalSection
	GlobalSection(SolutionProperties) = preSolution
		HideSolutionNode = FALSE
	EndGlobalSection
	GlobalSection(ExtensibilityGlobals) = postSolution
		SolutionGuid = {4AC0E41E-5437-473F-82D0-1E73F2F6F7DB}
	EndGlobalSection
EndGlobal
